
Microsoft Visual Studio Solution File, Format Version 12.00
# Visual Studio Version 16
VisualStudioVersion = 16.0.31321.278
MinimumVisualStudioVersion = 10.0.40219.1
Project("{FAE04EC0-301F-11D3-BF4B-00C04F79EFBC}") = "MovieRatingBackend", "MovieRatingBackend\MovieRatingBackend.csproj", "{AF86CC46-0F3B-4840-A6F1-18C96BDE61D0}"
EndProject
Global
	GlobalSection(SolutionConfigurationPlatforms) = preSolution
		Debug|Any CPU = Debug|Any CPU
		Release|Any CPU = Release|Any CPU
	EndGlobalSection
	GlobalSection(ProjectConfigurationPlatforms) = postSolution
		{AF86CC46-0F3B-4840-A6F1-18C96BDE61D0}.Debug|Any CPU.ActiveCfg = Debug|Any CPU
		{AF86CC46-0F3B-4840-A6F1-18C96BDE61D0}.Debug|Any CPU.Build.0 = Debug|Any CPU
		{AF86CC46-0F3B-4840-A6F1-18C96BDE61D0}.Release|Any CPU.ActiveCfg = Release|Any CPU
		{AF86CC46-0F3B-4840-A6F1-18C96BDE61D0}.Release|Any CPU.Build.0 = Release|Any CPU
	EndGlobalSection
	GlobalSection(SolutionProperties) = preSolution
		HideSolutionNode = FALSE
	EndGlobalSection
	GlobalSection(ExtensibilityGlobals) = postSolution
		SolutionGuid = {6294ED95-0A04-4C2A-9157-18659BE4ADBC}
	EndGlobalSection
EndGlobal
